// !$*UTF8*$!
{
	archiveVersion = 1;
	classes = {
	};
	objectVersion = 51;
	objects = {

/* Begin PBXBuildFile section */
		AC2819855D6CD77144B5346E /* Pods_soEverProject.framework in Frameworks */ = {isa = PBXBuildFile; fileRef = 02CC2B9C5D7519755E7A6456 /* Pods_soEverProject.framework */; };
		B440298622C0AFE300B3F6FB /* AppDelegate.swift in Sources */ = {isa = PBXBuildFile; fileRef = B440298522C0AFE300B3F6FB /* AppDelegate.swift */; };
		B440298822C0AFE300B3F6FB /* PeliculasViewController.swift in Sources */ = {isa = PBXBuildFile; fileRef = B440298722C0AFE300B3F6FB /* PeliculasViewController.swift */; };
		B440298B22C0AFE300B3F6FB /* Main.storyboard in Resources */ = {isa = PBXBuildFile; fileRef = B440298922C0AFE300B3F6FB /* Main.storyboard */; };
		B440298D22C0AFE400B3F6FB /* Assets.xcassets in Resources */ = {isa = PBXBuildFile; fileRef = B440298C22C0AFE400B3F6FB /* Assets.xcassets */; };
		B440299022C0AFE400B3F6FB /* LaunchScreen.storyboard in Resources */ = {isa = PBXBuildFile; fileRef = B440298E22C0AFE400B3F6FB /* LaunchScreen.storyboard */; };
		B440299922C0B85A00B3F6FB /* API_UTILS.swift in Sources */ = {isa = PBXBuildFile; fileRef = B440299822C0B85A00B3F6FB /* API_UTILS.swift */; };
		B440299C22C0BB7A00B3F6FB /* GenericModels.swift in Sources */ = {isa = PBXBuildFile; fileRef = B440299B22C0BB7A00B3F6FB /* GenericModels.swift */; };
		B440299E22C0BD0000B3F6FB /* API_WebService.swift in Sources */ = {isa = PBXBuildFile; fileRef = B440299D22C0BD0000B3F6FB /* API_WebService.swift */; };
		B44029A122C0DDA800B3F6FB /* LibrosViewController.swift in Sources */ = {isa = PBXBuildFile; fileRef = B44029A022C0DDA800B3F6FB /* LibrosViewController.swift */; };
		B44029A322C0DDC400B3F6FB /* AplicacionesViewController.swift in Sources */ = {isa = PBXBuildFile; fileRef = B44029A222C0DDC400B3F6FB /* AplicacionesViewController.swift */; };
		B44029A722C0F77600B3F6FB /* GenericCell.swift in Sources */ = {isa = PBXBuildFile; fileRef = B44029A522C0F77600B3F6FB /* GenericCell.swift */; };
		B44029A822C0F77600B3F6FB /* GenericCell.xib in Resources */ = {isa = PBXBuildFile; fileRef = B44029A622C0F77600B3F6FB /* GenericCell.xib */; };
		B48F655822C151D900CAB685 /* GenericPresenter.swift in Sources */ = {isa = PBXBuildFile; fileRef = B48F655722C151D900CAB685 /* GenericPresenter.swift */; };
		B48F655A22C160B200CAB685 /* AppsModel.swift in Sources */ = {isa = PBXBuildFile; fileRef = B48F655922C160B200CAB685 /* AppsModel.swift */; };
		B48F655C22C20CB000CAB685 /* DetalleGenericTableViewController.swift in Sources */ = {isa = PBXBuildFile; fileRef = B48F655B22C20CB000CAB685 /* DetalleGenericTableViewController.swift */; };
		B48F655E22C229DC00CAB685 /* WebSiteViewController.swift in Sources */ = {isa = PBXBuildFile; fileRef = B48F655D22C229DC00CAB685 /* WebSiteViewController.swift */; };
		B48F656022C24B7100CAB685 /* AppsViewCell.swift in Sources */ = {isa = PBXBuildFile; fileRef = B48F655F22C24B7100CAB685 /* AppsViewCell.swift */; };
		B48F656322C253C600CAB685 /* GenericCollectionCell.swift in Sources */ = {isa = PBXBuildFile; fileRef = B48F656122C253C600CAB685 /* GenericCollectionCell.swift */; };
		B48F656422C253C600CAB685 /* GenericCollectionCell.xib in Resources */ = {isa = PBXBuildFile; fileRef = B48F656222C253C600CAB685 /* GenericCollectionCell.xib */; };
/* End PBXBuildFile section */

/* Begin PBXFileReference section */
		02CC2B9C5D7519755E7A6456 /* Pods_soEverProject.framework */ = {isa = PBXFileReference; explicitFileType = wrapper.framework; includeInIndex = 0; path = Pods_soEverProject.framework; sourceTree = BUILT_PRODUCTS_DIR; };
		A0B2FFBF8B9512DFBBC1C72A /* Pods-soEverProject.debug.xcconfig */ = {isa = PBXFileReference; includeInIndex = 1; lastKnownFileType = text.xcconfig; name = "Pods-soEverProject.debug.xcconfig"; path = "Target Support Files/Pods-soEverProject/Pods-soEverProject.debug.xcconfig"; sourceTree = "<group>"; };
		B440298222C0AFE300B3F6FB /* soEverProject.app */ = {isa = PBXFileReference; explicitFileType = wrapper.application; includeInIndex = 0; path = soEverProject.app; sourceTree = BUILT_PRODUCTS_DIR; };
		B440298522C0AFE300B3F6FB /* AppDelegate.swift */ = {isa = PBXFileReference; lastKnownFileType = sourcecode.swift; path = AppDelegate.swift; sourceTree = "<group>"; };
		B440298722C0AFE300B3F6FB /* PeliculasViewController.swift */ = {isa = PBXFileReference; lastKnownFileType = sourcecode.swift; path = PeliculasViewController.swift; sourceTree = "<group>"; };
		B440298A22C0AFE300B3F6FB /* Base */ = {isa = PBXFileReference; lastKnownFileType = file.storyboard; name = Base; path = Base.lproj/Main.storyboard; sourceTree = "<group>"; };
		B440298C22C0AFE400B3F6FB /* Assets.xcassets */ = {isa = PBXFileReference; lastKnownFileType = folder.assetcatalog; path = Assets.xcassets; sourceTree = "<group>"; };
		B440298F22C0AFE400B3F6FB /* Base */ = {isa = PBXFileReference; lastKnownFileType = file.storyboard; name = Base; path = Base.lproj/LaunchScreen.storyboard; sourceTree = "<group>"; };
		B440299122C0AFE400B3F6FB /* Info.plist */ = {isa = PBXFileReference; lastKnownFileType = text.plist.xml; path = Info.plist; sourceTree = "<group>"; };
		B440299822C0B85A00B3F6FB /* API_UTILS.swift */ = {isa = PBXFileReference; lastKnownFileType = sourcecode.swift; path = API_UTILS.swift; sourceTree = "<group>"; };
		B440299B22C0BB7A00B3F6FB /* GenericModels.swift */ = {isa = PBXFileReference; lastKnownFileType = sourcecode.swift; path = GenericModels.swift; sourceTree = "<group>"; };
		B440299D22C0BD0000B3F6FB /* API_WebService.swift */ = {isa = PBXFileReference; lastKnownFileType = sourcecode.swift; path = API_WebService.swift; sourceTree = "<group>"; };
		B44029A022C0DDA800B3F6FB /* LibrosViewController.swift */ = {isa = PBXFileReference; lastKnownFileType = sourcecode.swift; path = LibrosViewController.swift; sourceTree = "<group>"; };
		B44029A222C0DDC400B3F6FB /* AplicacionesViewController.swift */ = {isa = PBXFileReference; lastKnownFileType = sourcecode.swift; path = AplicacionesViewController.swift; sourceTree = "<group>"; };
		B44029A522C0F77600B3F6FB /* GenericCell.swift */ = {isa = PBXFileReference; lastKnownFileType = sourcecode.swift; path = GenericCell.swift; sourceTree = "<group>"; };
		B44029A622C0F77600B3F6FB /* GenericCell.xib */ = {isa = PBXFileReference; lastKnownFileType = file.xib; path = GenericCell.xib; sourceTree = "<group>"; };
		B48F655722C151D900CAB685 /* GenericPresenter.swift */ = {isa = PBXFileReference; lastKnownFileType = sourcecode.swift; path = GenericPresenter.swift; sourceTree = "<group>"; };
		B48F655922C160B200CAB685 /* AppsModel.swift */ = {isa = PBXFileReference; lastKnownFileType = sourcecode.swift; path = AppsModel.swift; sourceTree = "<group>"; };
		B48F655B22C20CB000CAB685 /* DetalleGenericTableViewController.swift */ = {isa = PBXFileReference; lastKnownFileType = sourcecode.swift; path = DetalleGenericTableViewController.swift; sourceTree = "<group>"; };
		B48F655D22C229DC00CAB685 /* WebSiteViewController.swift */ = {isa = PBXFileReference; lastKnownFileType = sourcecode.swift; path = WebSiteViewController.swift; sourceTree = "<group>"; };
		B48F655F22C24B7100CAB685 /* AppsViewCell.swift */ = {isa = PBXFileReference; lastKnownFileType = sourcecode.swift; path = AppsViewCell.swift; sourceTree = "<group>"; };
		B48F656122C253C600CAB685 /* GenericCollectionCell.swift */ = {isa = PBXFileReference; lastKnownFileType = sourcecode.swift; path = GenericCollectionCell.swift; sourceTree = "<group>"; };
		B48F656222C253C600CAB685 /* GenericCollectionCell.xib */ = {isa = PBXFileReference; lastKnownFileType = file.xib; path = GenericCollectionCell.xib; sourceTree = "<group>"; };
		EC82AE3D13B9E75B8C0E78E8 /* Pods-soEverProject.release.xcconfig */ = {isa = PBXFileReference; includeInIndex = 1; lastKnownFileType = text.xcconfig; name = "Pods-soEverProject.release.xcconfig"; path = "Target Support Files/Pods-soEverProject/Pods-soEverProject.release.xcconfig"; sourceTree = "<group>"; };
/* End PBXFileReference section */

/* Begin PBXFrameworksBuildPhase section */
		B440297F22C0AFE300B3F6FB /* Frameworks */ = {
			isa = PBXFrameworksBuildPhase;
			buildActionMask = 2147483647;
			files = (
				AC2819855D6CD77144B5346E /* Pods_soEverProject.framework in Frameworks */,
			);
			runOnlyForDeploymentPostprocessing = 0;
		};
/* End PBXFrameworksBuildPhase section */

/* Begin PBXGroup section */
		738E1AF8C51A790BD7416161 /* Frameworks */ = {
			isa = PBXGroup;
			children = (
				02CC2B9C5D7519755E7A6456 /* Pods_soEverProject.framework */,
			);
			name = Frameworks;
			sourceTree = "<group>";
		};
		AA22BE921EFA5202A4E1B81E /* Pods */ = {
			isa = PBXGroup;
			children = (
				A0B2FFBF8B9512DFBBC1C72A /* Pods-soEverProject.debug.xcconfig */,
				EC82AE3D13B9E75B8C0E78E8 /* Pods-soEverProject.release.xcconfig */,
			);
			path = Pods;
			sourceTree = "<group>";
		};
		B440297922C0AFE300B3F6FB = {
			isa = PBXGroup;
			children = (
				B440298422C0AFE300B3F6FB /* soEverProject */,
				B440298322C0AFE300B3F6FB /* Products */,
				AA22BE921EFA5202A4E1B81E /* Pods */,
				738E1AF8C51A790BD7416161 /* Frameworks */,
			);
			sourceTree = "<group>";
		};
		B440298322C0AFE300B3F6FB /* Products */ = {
			isa = PBXGroup;
			children = (
				B440298222C0AFE300B3F6FB /* soEverProject.app */,
			);
			name = Products;
			sourceTree = "<group>";
		};
		B440298422C0AFE300B3F6FB /* soEverProject */ = {
			isa = PBXGroup;
			children = (
				B48F655622C151B500CAB685 /* PRESENTER */,
				B440299F22C0DC6C00B3F6FB /* VIEWS */,
				B440299722C0B82300B3F6FB /* API */,
				B440298522C0AFE300B3F6FB /* AppDelegate.swift */,
				B440298922C0AFE300B3F6FB /* Main.storyboard */,
				B440298C22C0AFE400B3F6FB /* Assets.xcassets */,
				B440298E22C0AFE400B3F6FB /* LaunchScreen.storyboard */,
				B440299122C0AFE400B3F6FB /* Info.plist */,
			);
			path = soEverProject;
			sourceTree = "<group>";
		};
		B440299722C0B82300B3F6FB /* API */ = {
			isa = PBXGroup;
			children = (
				B440299A22C0BB5F00B3F6FB /* MODELS */,
				B440299822C0B85A00B3F6FB /* API_UTILS.swift */,
				B440299D22C0BD0000B3F6FB /* API_WebService.swift */,
			);
			path = API;
			sourceTree = "<group>";
		};
		B440299A22C0BB5F00B3F6FB /* MODELS */ = {
			isa = PBXGroup;
			children = (
				B440299B22C0BB7A00B3F6FB /* GenericModels.swift */,
				B48F655922C160B200CAB685 /* AppsModel.swift */,
			);
			path = MODELS;
			sourceTree = "<group>";
		};
		B440299F22C0DC6C00B3F6FB /* VIEWS */ = {
			isa = PBXGroup;
			children = (
				B44029A422C0F70000B3F6FB /* CELLS */,
				B440298722C0AFE300B3F6FB /* PeliculasViewController.swift */,
				B44029A022C0DDA800B3F6FB /* LibrosViewController.swift */,
				B44029A222C0DDC400B3F6FB /* AplicacionesViewController.swift */,
				B48F655B22C20CB000CAB685 /* DetalleGenericTableViewController.swift */,
				B48F655D22C229DC00CAB685 /* WebSiteViewController.swift */,
			);
			path = VIEWS;
			sourceTree = "<group>";
		};
		B44029A422C0F70000B3F6FB /* CELLS */ = {
			isa = PBXGroup;
			children = (
				B44029A522C0F77600B3F6FB /* GenericCell.swift */,
				B44029A622C0F77600B3F6FB /* GenericCell.xib */,
				B48F655F22C24B7100CAB685 /* AppsViewCell.swift */,
				B48F656122C253C600CAB685 /* GenericCollectionCell.swift */,
				B48F656222C253C600CAB685 /* GenericCollectionCell.xib */,
			);
			path = CELLS;
			sourceTree = "<group>";
		};
		B48F655622C151B500CAB685 /* PRESENTER */ = {
			isa = PBXGroup;
			children = (
				B48F655722C151D900CAB685 /* GenericPresenter.swift */,
			);
			path = PRESENTER;
			sourceTree = "<group>";
		};
/* End PBXGroup section */

/* Begin PBXNativeTarget section */
		B440298122C0AFE300B3F6FB /* soEverProject */ = {
			isa = PBXNativeTarget;
			buildConfigurationList = B440299422C0AFE400B3F6FB /* Build configuration list for PBXNativeTarget "soEverProject" */;
			buildPhases = (
				755E682A689843BDD70C3EAD /* [CP] Check Pods Manifest.lock */,
				B440297E22C0AFE300B3F6FB /* Sources */,
				B440297F22C0AFE300B3F6FB /* Frameworks */,
				B440298022C0AFE300B3F6FB /* Resources */,
				2CAD3A8CBCE742D9ACA7E008 /* [CP] Embed Pods Frameworks */,
			);
			buildRules = (
			);
			dependencies = (
			);
			name = soEverProject;
			productName = soEverProject;
			productReference = B440298222C0AFE300B3F6FB /* soEverProject.app */;
			productType = "com.apple.product-type.application";
		};
/* End PBXNativeTarget section */

/* Begin PBXProject section */
		B440297A22C0AFE300B3F6FB /* Project object */ = {
			isa = PBXProject;
			attributes = {
				LastSwiftUpdateCheck = 1010;
				LastUpgradeCheck = 1010;
				ORGANIZATIONNAME = icologic;
				TargetAttributes = {
					B440298122C0AFE300B3F6FB = {
						CreatedOnToolsVersion = 10.1;
					};
				};
			};
			buildConfigurationList = B440297D22C0AFE300B3F6FB /* Build configuration list for PBXProject "soEverProject" */;
			compatibilityVersion = "Xcode 9.3";
			developmentRegion = en;
			hasScannedForEncodings = 0;
			knownRegions = (
				en,
				Base,
			);
			mainGroup = B440297922C0AFE300B3F6FB;
			productRefGroup = B440298322C0AFE300B3F6FB /* Products */;
			projectDirPath = "";
			projectRoot = "";
			targets = (
				B440298122C0AFE300B3F6FB /* soEverProject */,
			);
		};
/* End PBXProject section */

/* Begin PBXResourcesBuildPhase section */
		B440298022C0AFE300B3F6FB /* Resources */ = {
			isa = PBXResourcesBuildPhase;
			buildActionMask = 2147483647;
			files = (
				B440299022C0AFE400B3F6FB /* LaunchScreen.storyboard in Resources */,
				B48F656422C253C600CAB685 /* GenericCollectionCell.xib in Resources */,
				B44029A822C0F77600B3F6FB /* GenericCell.xib in Resources */,
				B440298D22C0AFE400B3F6FB /* Assets.xcassets in Resources */,
				B440298B22C0AFE300B3F6FB /* Main.storyboard in Resources */,
			);
			runOnlyForDeploymentPostprocessing = 0;
		};
/* End PBXResourcesBuildPhase section */

/* Begin PBXShellScriptBuildPhase section */
		2CAD3A8CBCE742D9ACA7E008 /* [CP] Embed Pods Frameworks */ = {
			isa = PBXShellScriptBuildPhase;
			buildActionMask = 2147483647;
			files = (
			);
			inputFileListPaths = (
				"${PODS_ROOT}/Target Support Files/Pods-soEverProject/Pods-soEverProject-frameworks-${CONFIGURATION}-input-files.xcfilelist",
			);
			name = "[CP] Embed Pods Frameworks";
			outputFileListPaths = (
				"${PODS_ROOT}/Target Support Files/Pods-soEverProject/Pods-soEverProject-frameworks-${CONFIGURATION}-output-files.xcfilelist",
			);
			runOnlyForDeploymentPostprocessing = 0;
			shellPath = /bin/sh;
			shellScript = "\"${PODS_ROOT}/Target Support Files/Pods-soEverProject/Pods-soEverProject-frameworks.sh\"\n";
			showEnvVarsInLog = 0;
		};
		755E682A689843BDD70C3EAD /* [CP] Check Pods Manifest.lock */ = {
			isa = PBXShellScriptBuildPhase;
			buildActionMask = 2147483647;
			files = (
			);
			inputFileListPaths = (
			);
			inputPaths = (
				"${PODS_PODFILE_DIR_PATH}/Podfile.lock",
				"${PODS_ROOT}/Manifest.lock",
			);
			name = "[CP] Check Pods Manifest.lock";
			outputFileListPaths = (
			);
			outputPaths = (
				"$(DERIVED_FILE_DIR)/Pods-soEverProject-checkManifestLockResult.txt",
			);
			runOnlyForDeploymentPostprocessing = 0;
			shellPath = /bin/sh;
			shellScript = "diff \"${PODS_PODFILE_DIR_PATH}/Podfile.lock\" \"${PODS_ROOT}/Manifest.lock\" > /dev/null\nif [ $? != 0 ] ; then\n    # print error to STDERR\n    echo \"error: The sandbox is not in sync with the Podfile.lock. Run 'pod install' or update your CocoaPods installation.\" >&2\n    exit 1\nfi\n# This output is used by Xcode 'outputs' to avoid re-running this script phase.\necho \"SUCCESS\" > \"${SCRIPT_OUTPUT_FILE_0}\"\n";
			showEnvVarsInLog = 0;
		};
/* End PBXShellScriptBuildPhase section */

/* Begin PBXSourcesBuildPhase section */
		B440297E22C0AFE300B3F6FB /* Sources */ = {
			isa = PBXSourcesBuildPhase;
			buildActionMask = 2147483647;
			files = (
				B44029A322C0DDC400B3F6FB /* AplicacionesViewController.swift in Sources */,
				B48F656322C253C600CAB685 /* GenericCollectionCell.swift in Sources */,
				B44029A722C0F77600B3F6FB /* GenericCell.swift in Sources */,
				B440298822C0AFE300B3F6FB /* PeliculasViewController.swift in Sources */,
				B44029A122C0DDA800B3F6FB /* LibrosViewController.swift in Sources */,
				B440298622C0AFE300B3F6FB /* AppDelegate.swift in Sources */,
				B48F656022C24B7100CAB685 /* AppsViewCell.swift in Sources */,
				B48F655C22C20CB000CAB685 /* DetalleGenericTableViewController.swift in Sources */,
				B48F655A22C160B200CAB685 /* AppsModel.swift in Sources */,
				B440299C22C0BB7A00B3F6FB /* GenericModels.swift in Sources */,
				B48F655E22C229DC00CAB685 /* WebSiteViewController.swift in Sources */,
				B48F655822C151D900CAB685 /* GenericPresenter.swift in Sources */,
				B440299E22C0BD0000B3F6FB /* API_WebService.swift in Sources */,
				B440299922C0B85A00B3F6FB /* API_UTILS.swift in Sources */,
			);
			runOnlyForDeploymentPostprocessing = 0;
		};
/* End PBXSourcesBuildPhase section */

/* Begin PBXVariantGroup section */
		B440298922C0AFE300B3F6FB /* Main.storyboard */ = {
			isa = PBXVariantGroup;
			children = (
				B440298A22C0AFE300B3F6FB /* Base */,
			);
			name = Main.storyboard;
			sourceTree = "<group>";
		};
		B440298E22C0AFE400B3F6FB /* LaunchScreen.storyboard */ = {
			isa = PBXVariantGroup;
			children = (
				B440298F22C0AFE400B3F6FB /* Base */,
			);
			name = LaunchScreen.storyboard;
			sourceTree = "<group>";
		};
/* End PBXVariantGroup section */

/* Begin XCBuildConfiguration section */
		B440299222C0AFE400B3F6FB /* Debug */ = {
			isa = XCBuildConfiguration;
			buildSettings = {
				ALWAYS_SEARCH_USER_PATHS = NO;
				CLANG_ANALYZER_NONNULL = YES;
				CLANG_ANALYZER_NUMBER_OBJECT_CONVERSION = YES_AGGRESSIVE;
				CLANG_CXX_LANGUAGE_STANDARD = "gnu++14";
				CLANG_CXX_LIBRARY = "libc++";
				CLANG_ENABLE_MODULES = YES;
				CLANG_ENABLE_OBJC_ARC = YES;
				CLANG_ENABLE_OBJC_WEAK = YES;
				CLANG_WARN_BLOCK_CAPTURE_AUTORELEASING = YES;
				CLANG_WARN_BOOL_CONVERSION = YES;
				CLANG_WARN_COMMA = YES;
				CLANG_WARN_CONSTANT_CONVERSION = YES;
				CLANG_WARN_DEPRECATED_OBJC_IMPLEMENTATIONS = YES;
				CLANG_WARN_DIRECT_OBJC_ISA_USAGE = YES_ERROR;
				CLANG_WARN_DOCUMENTATION_COMMENTS = YES;
				CLANG_WARN_EMPTY_BODY = YES;
				CLANG_WARN_ENUM_CONVERSION = YES;
				CLANG_WARN_INFINITE_RECURSION = YES;
				CLANG_WARN_INT_CONVERSION = YES;
				CLANG_WARN_NON_LITERAL_NULL_CONVERSION = YES;
				CLANG_WARN_OBJC_IMPLICIT_RETAIN_SELF = YES;
				CLANG_WARN_OBJC_LITERAL_CONVERSION = YES;
				CLANG_WARN_OBJC_ROOT_CLASS = YES_ERROR;
				CLANG_WARN_RANGE_LOOP_ANALYSIS = YES;
				CLANG_WARN_STRICT_PROTOTYPES = YES;
				CLANG_WARN_SUSPICIOUS_MOVE = YES;
				CLANG_WARN_UNGUARDED_AVAILABILITY = YES_AGGRESSIVE;
				CLANG_WARN_UNREACHABLE_CODE = YES;
				CLANG_WARN__DUPLICATE_METHOD_MATCH = YES;
				CODE_SIGN_IDENTITY = "iPhone Developer";
				COPY_PHASE_STRIP = NO;
				DEBUG_INFORMATION_FORMAT = dwarf;
				ENABLE_STRICT_OBJC_MSGSEND = YES;
				ENABLE_TESTABILITY = YES;
				GCC_C_LANGUAGE_STANDARD = gnu11;
				GCC_DYNAMIC_NO_PIC = NO;
				GCC_NO_COMMON_BLOCKS = YES;
				GCC_OPTIMIZATION_LEVEL = 0;
				GCC_PREPROCESSOR_DEFINITIONS = (
					"DEBUG=1",
					"$(inherited)",
				);
				GCC_WARN_64_TO_32_BIT_CONVERSION = YES;
				GCC_WARN_ABOUT_RETURN_TYPE = YES_ERROR;
				GCC_WARN_UNDECLARED_SELECTOR = YES;
				GCC_WARN_UNINITIALIZED_AUTOS = YES_AGGRESSIVE;
				GCC_WARN_UNUSED_FUNCTION = YES;
				GCC_WARN_UNUSED_VARIABLE = YES;
				IPHONEOS_DEPLOYMENT_TARGET = 12.1;
				MTL_ENABLE_DEBUG_INFO = INCLUDE_SOURCE;
				MTL_FAST_MATH = YES;
				ONLY_ACTIVE_ARCH = YES;
				SDKROOT = iphoneos;
				SWIFT_ACTIVE_COMPILATION_CONDITIONS = DEBUG;
				SWIFT_OPTIMIZATION_LEVEL = "-Onone";
			};
			name = Debug;
		};
		B440299322C0AFE400B3F6FB /* Release */ = {
			isa = XCBuildConfiguration;
			buildSettings = {
				ALWAYS_SEARCH_USER_PATHS = NO;
				CLANG_ANALYZER_NONNULL = YES;
				CLANG_ANALYZER_NUMBER_OBJECT_CONVERSION = YES_AGGRESSIVE;
				CLANG_CXX_LANGUAGE_STANDARD = "gnu++14";
				CLANG_CXX_LIBRARY = "libc++";
				CLANG_ENABLE_MODULES = YES;
				CLANG_ENABLE_OBJC_ARC = YES;
				CLANG_ENABLE_OBJC_WEAK = YES;
				CLANG_WARN_BLOCK_CAPTURE_AUTORELEASING = YES;
				CLANG_WARN_BOOL_CONVERSION = YES;
				CLANG_WARN_COMMA = YES;
				CLANG_WARN_CONSTANT_CONVERSION = YES;
				CLANG_WARN_DEPRECATED_OBJC_IMPLEMENTATIONS = YES;
				CLANG_WARN_DIRECT_OBJC_ISA_USAGE = YES_ERROR;
				CLANG_WARN_DOCUMENTATION_COMMENTS = YES;
				CLANG_WARN_EMPTY_BODY = YES;
				CLANG_WARN_ENUM_CONVERSION = YES;
				CLANG_WARN_INFINITE_RECURSION = YES;
				CLANG_WARN_INT_CONVERSION = YES;
				CLANG_WARN_NON_LITERAL_NULL_CONVERSION = YES;
				CLANG_WARN_OBJC_IMPLICIT_RETAIN_SELF = YES;
				CLANG_WARN_OBJC_LITERAL_CONVERSION = YES;
				CLANG_WARN_OBJC_ROOT_CLASS = YES_ERROR;
				CLANG_WARN_RANGE_LOOP_ANALYSIS = YES;
				CLANG_WARN_STRICT_PROTOTYPES = YES;
				CLANG_WARN_SUSPICIOUS_MOVE = YES;
				CLANG_WARN_UNGUARDED_AVAILABILITY = YES_AGGRESSIVE;
				CLANG_WARN_UNREACHABLE_CODE = YES;
				CLANG_WARN__DUPLICATE_METHOD_MATCH = YES;
				CODE_SIGN_IDENTITY = "iPhone Developer";
				COPY_PHASE_STRIP = NO;
				DEBUG_INFORMATION_FORMAT = "dwarf-with-dsym";
				ENABLE_NS_ASSERTIONS = NO;
				ENABLE_STRICT_OBJC_MSGSEND = YES;
				GCC_C_LANGUAGE_STANDARD = gnu11;
				GCC_NO_COMMON_BLOCKS = YES;
				GCC_WARN_64_TO_32_BIT_CONVERSION = YES;
				GCC_WARN_ABOUT_RETURN_TYPE = YES_ERROR;
				GCC_WARN_UNDECLARED_SELECTOR = YES;
				GCC_WARN_UNINITIALIZED_AUTOS = YES_AGGRESSIVE;
				GCC_WARN_UNUSED_FUNCTION = YES;
				GCC_WARN_UNUSED_VARIABLE = YES;
				IPHONEOS_DEPLOYMENT_TARGET = 12.1;
				MTL_ENABLE_DEBUG_INFO = NO;
				MTL_FAST_MATH = YES;
				SDKROOT = iphoneos;
				SWIFT_COMPILATION_MODE = wholemodule;
				SWIFT_OPTIMIZATION_LEVEL = "-O";
				VALIDATE_PRODUCT = YES;
			};
			name = Release;
		};
		B440299522C0AFE400B3F6FB /* Debug */ = {
			isa = XCBuildConfiguration;
			baseConfigurationReference = A0B2FFBF8B9512DFBBC1C72A /* Pods-soEverProject.debug.xcconfig */;
			buildSettings = {
				ASSETCATALOG_COMPILER_APPICON_NAME = AppIcon;
				CODE_SIGN_STYLE = Automatic;
				DEVELOPMENT_TEAM = 2C7W4RF846;
				INFOPLIST_FILE = soEverProject/Info.plist;
				LD_RUNPATH_SEARCH_PATHS = (
					"$(inherited)",
					"@executable_path/Frameworks",
				);
				PRODUCT_BUNDLE_IDENTIFIER = com.icologic.soEverProject.iOS.soEverProject;
				PRODUCT_NAME = "$(TARGET_NAME)";
				SWIFT_VERSION = 4.2;
				TARGETED_DEVICE_FAMILY = 1;
			};
			name = Debug;
		};
		B440299622C0AFE400B3F6FB /* Release */ = {
			isa = XCBuildConfiguration;
			baseConfigurationReference = EC82AE3D13B9E75B8C0E78E8 /* Pods-soEverProject.release.xcconfig */;
			buildSettings = {
				ASSETCATALOG_COMPILER_APPICON_NAME = AppIcon;
				CODE_SIGN_STYLE = Automatic;
				DEVELOPMENT_TEAM = 2C7W4RF846;
				INFOPLIST_FILE = soEverProject/Info.plist;
				LD_RUNPATH_SEARCH_PATHS = (
					"$(inherited)",
					"@executable_path/Frameworks",
				);
				PRODUCT_BUNDLE_IDENTIFIER = com.icologic.soEverProject.iOS.soEverProject;
				PRODUCT_NAME = "$(TARGET_NAME)";
				SWIFT_VERSION = 4.2;
				TARGETED_DEVICE_FAMILY = 1;
			};
			name = Release;
		};
/* End XCBuildConfiguration section */

/* Begin XCConfigurationList section */
		B440297D22C0AFE300B3F6FB /* Build configuration list for PBXProject "soEverProject" */ = {
			isa = XCConfigurationList;
			buildConfigurations = (
				B440299222C0AFE400B3F6FB /* Debug */,
				B440299322C0AFE400B3F6FB /* Release */,
			);
			defaultConfigurationIsVisible = 0;
			defaultConfigurationName = Release;
		};
		B440299422C0AFE400B3F6FB /* Build configuration list for PBXNativeTarget "soEverProject" */ = {
			isa = XCConfigurationList;
			buildConfigurations = (
				B440299522C0AFE400B3F6FB /* Debug */,
				B440299622C0AFE400B3F6FB /* Release */,
			);
			defaultConfigurationIsVisible = 0;
			defaultConfigurationName = Release;
		};
/* End XCConfigurationList section */
	};
	rootObject = B440297A22C0AFE300B3F6FB /* Project object */;
}
